
Microsoft Visual Studio Solution File, Format Version 12.00
# Visual Studio Version 17
VisualStudioVersion = 17.0.31903.59
MinimumVisualStudioVersion = 10.0.40219.1
Project("{FAE04EC0-301F-11D3-BF4B-00C04F79EFBC}") = "CatalogoDeMidia.Dominio", "CatalogoDeMidia.Dominio\CatalogoDeMidia.Dominio.csproj", "{634553EB-1620-4587-B733-6A14E0DFC2D4}"
EndProject
Project("{FAE04EC0-301F-11D3-BF4B-00C04F79EFBC}") = "CatalogoDeMidia.Aplicacao", "CatalogoDeMidia.Aplicacao\CatalogoDeMidia.Aplicacao.csproj", "{A080B8E7-3BBE-414C-9E50-72ABBEFA0A8D}"
EndProject
Project("{FAE04EC0-301F-11D3-BF4B-00C04F79EFBC}") = "CatalogoDeMidia.Infraestrutura", "CatalogoDeMidia.Infraestrutura\CatalogoDeMidia.Infraestrutura.csproj", "{70138F18-90BC-46F6-A551-43955621B889}"
EndProject
Project("{FAE04EC0-301F-11D3-BF4B-00C04F79EFBC}") = "CatalogoDeMidia.Api", "CatalogoDeMidia.Api\CatalogoDeMidia.Api.csproj", "{E435C76E-9703-4B23-B053-FF9ABD2FAC29}"
EndProject
Project("{FAE04EC0-301F-11D3-BF4B-00C04F79EFBC}") = "CatalogoDeMidia.McpServer", "CatalogoDeMidia.McpServer\CatalogoDeMidia.McpServer.csproj", "{1B2A0CB2-F1C9-4500-A3F3-0C8C1E059D60}"
EndProject
Global
	GlobalSection(SolutionConfigurationPlatforms) = preSolution
		Debug|Any CPU = Debug|Any CPU
		Debug|x64 = Debug|x64
		Debug|x86 = Debug|x86
		Release|Any CPU = Release|Any CPU
		Release|x64 = Release|x64
		Release|x86 = Release|x86
	EndGlobalSection
	GlobalSection(ProjectConfigurationPlatforms) = postSolution
		{634553EB-1620-4587-B733-6A14E0DFC2D4}.Debug|Any CPU.ActiveCfg = Debug|Any CPU
		{634553EB-1620-4587-B733-6A14E0DFC2D4}.Debug|Any CPU.Build.0 = Debug|Any CPU
		{634553EB-1620-4587-B733-6A14E0DFC2D4}.Debug|x64.ActiveCfg = Debug|Any CPU
		{634553EB-1620-4587-B733-6A14E0DFC2D4}.Debug|x64.Build.0 = Debug|Any CPU
		{634553EB-1620-4587-B733-6A14E0DFC2D4}.Debug|x86.ActiveCfg = Debug|Any CPU
		{634553EB-1620-4587-B733-6A14E0DFC2D4}.Debug|x86.Build.0 = Debug|Any CPU
		{634553EB-1620-4587-B733-6A14E0DFC2D4}.Release|Any CPU.ActiveCfg = Release|Any CPU
		{634553EB-1620-4587-B733-6A14E0DFC2D4}.Release|Any CPU.Build.0 = Release|Any CPU
		{634553EB-1620-4587-B733-6A14E0DFC2D4}.Release|x64.ActiveCfg = Release|Any CPU
		{634553EB-1620-4587-B733-6A14E0DFC2D4}.Release|x64.Build.0 = Release|Any CPU
		{634553EB-1620-4587-B733-6A14E0DFC2D4}.Release|x86.ActiveCfg = Release|Any CPU
		{634553EB-1620-4587-B733-6A14E0DFC2D4}.Release|x86.Build.0 = Release|Any CPU
		{A080B8E7-3BBE-414C-9E50-72ABBEFA0A8D}.Debug|Any CPU.ActiveCfg = Debug|Any CPU
		{A080B8E7-3BBE-414C-9E50-72ABBEFA0A8D}.Debug|Any CPU.Build.0 = Debug|Any CPU
		{A080B8E7-3BBE-414C-9E50-72ABBEFA0A8D}.Debug|x64.ActiveCfg = Debug|Any CPU
		{A080B8E7-3BBE-414C-9E50-72ABBEFA0A8D}.Debug|x64.Build.0 = Debug|Any CPU
		{A080B8E7-3BBE-414C-9E50-72ABBEFA0A8D}.Debug|x86.ActiveCfg = Debug|Any CPU
		{A080B8E7-3BBE-414C-9E50-72ABBEFA0A8D}.Debug|x86.Build.0 = Debug|Any CPU
		{A080B8E7-3BBE-414C-9E50-72ABBEFA0A8D}.Release|Any CPU.ActiveCfg = Release|Any CPU
		{A080B8E7-3BBE-414C-9E50-72ABBEFA0A8D}.Release|Any CPU.Build.0 = Release|Any CPU
		{A080B8E7-3BBE-414C-9E50-72ABBEFA0A8D}.Release|x64.ActiveCfg = Release|Any CPU
		{A080B8E7-3BBE-414C-9E50-72ABBEFA0A8D}.Release|x64.Build.0 = Release|Any CPU
		{A080B8E7-3BBE-414C-9E50-72ABBEFA0A8D}.Release|x86.ActiveCfg = Release|Any CPU
		{A080B8E7-3BBE-414C-9E50-72ABBEFA0A8D}.Release|x86.Build.0 = Release|Any CPU
		{70138F18-90BC-46F6-A551-43955621B889}.Debug|Any CPU.ActiveCfg = Debug|Any CPU
		{70138F18-90BC-46F6-A551-43955621B889}.Debug|Any CPU.Build.0 = Debug|Any CPU
		{70138F18-90BC-46F6-A551-43955621B889}.Debug|x64.ActiveCfg = Debug|Any CPU
		{70138F18-90BC-46F6-A551-43955621B889}.Debug|x64.Build.0 = Debug|Any CPU
		{70138F18-90BC-46F6-A551-43955621B889}.Debug|x86.ActiveCfg = Debug|Any CPU
		{70138F18-90BC-46F6-A551-43955621B889}.Debug|x86.Build.0 = Debug|Any CPU
		{70138F18-90BC-46F6-A551-43955621B889}.Release|Any CPU.ActiveCfg = Release|Any CPU
		{70138F18-90BC-46F6-A551-43955621B889}.Release|Any CPU.Build.0 = Release|Any CPU
		{70138F18-90BC-46F6-A551-43955621B889}.Release|x64.ActiveCfg = Release|Any CPU
		{70138F18-90BC-46F6-A551-43955621B889}.Release|x64.Build.0 = Release|Any CPU
		{70138F18-90BC-46F6-A551-43955621B889}.Release|x86.ActiveCfg = Release|Any CPU
		{70138F18-90BC-46F6-A551-43955621B889}.Release|x86.Build.0 = Release|Any CPU
		{E435C76E-9703-4B23-B053-FF9ABD2FAC29}.Debug|Any CPU.ActiveCfg = Debug|Any CPU
		{E435C76E-9703-4B23-B053-FF9ABD2FAC29}.Debug|Any CPU.Build.0 = Debug|Any CPU
		{E435C76E-9703-4B23-B053-FF9ABD2FAC29}.Debug|x64.ActiveCfg = Debug|Any CPU
		{E435C76E-9703-4B23-B053-FF9ABD2FAC29}.Debug|x64.Build.0 = Debug|Any CPU
		{E435C76E-9703-4B23-B053-FF9ABD2FAC29}.Debug|x86.ActiveCfg = Debug|Any CPU
		{E435C76E-9703-4B23-B053-FF9ABD2FAC29}.Debug|x86.Build.0 = Debug|Any CPU
		{E435C76E-9703-4B23-B053-FF9ABD2FAC29}.Release|Any CPU.ActiveCfg = Release|Any CPU
		{E435C76E-9703-4B23-B053-FF9ABD2FAC29}.Release|Any CPU.Build.0 = Release|Any CPU
		{E435C76E-9703-4B23-B053-FF9ABD2FAC29}.Release|x64.ActiveCfg = Release|Any CPU
		{E435C76E-9703-4B23-B053-FF9ABD2FAC29}.Release|x64.Build.0 = Release|Any CPU
		{E435C76E-9703-4B23-B053-FF9ABD2FAC29}.Release|x86.ActiveCfg = Release|Any CPU
		{E435C76E-9703-4B23-B053-FF9ABD2FAC29}.Release|x86.Build.0 = Release|Any CPU
		{1B2A0CB2-F1C9-4500-A3F3-0C8C1E059D60}.Debug|Any CPU.ActiveCfg = Debug|Any CPU
		{1B2A0CB2-F1C9-4500-A3F3-0C8C1E059D60}.Debug|Any CPU.Build.0 = Debug|Any CPU
		{1B2A0CB2-F1C9-4500-A3F3-0C8C1E059D60}.Debug|x64.ActiveCfg = Debug|Any CPU
		{1B2A0CB2-F1C9-4500-A3F3-0C8C1E059D60}.Debug|x64.Build.0 = Debug|Any CPU
		{1B2A0CB2-F1C9-4500-A3F3-0C8C1E059D60}.Debug|x86.ActiveCfg = Debug|Any CPU
		{1B2A0CB2-F1C9-4500-A3F3-0C8C1E059D60}.Debug|x86.Build.0 = Debug|Any CPU
		{1B2A0CB2-F1C9-4500-A3F3-0C8C1E059D60}.Release|Any CPU.ActiveCfg = Release|Any CPU
		{1B2A0CB2-F1C9-4500-A3F3-0C8C1E059D60}.Release|Any CPU.Build.0 = Release|Any CPU
		{1B2A0CB2-F1C9-4500-A3F3-0C8C1E059D60}.Release|x64.ActiveCfg = Release|Any CPU
		{1B2A0CB2-F1C9-4500-A3F3-0C8C1E059D60}.Release|x64.Build.0 = Release|Any CPU
		{1B2A0CB2-F1C9-4500-A3F3-0C8C1E059D60}.Release|x86.ActiveCfg = Release|Any CPU
		{1B2A0CB2-F1C9-4500-A3F3-0C8C1E059D60}.Release|x86.Build.0 = Release|Any CPU
	EndGlobalSection
	GlobalSection(SolutionProperties) = preSolution
		HideSolutionNode = FALSE
	EndGlobalSection
EndGlobal
